
Microsoft Visual Studio Solution File, Format Version 12.00
# Visual Studio 15
VisualStudioVersion = 15.0.28307.1300
MinimumVisualStudioVersion = 10.0.40219.1
Project("{FAE04EC0-301F-11D3-BF4B-00C04F79EFBC}") = "Online Agricultural Consultant", "Online Agricultural Consultant\Online Agricultural Consultant.csproj", "{ACB93314-98FC-420B-AA57-04C80A9AA171}"
EndProject
Global
	GlobalSection(SolutionConfigurationPlatforms) = preSolution
		Debug|Any CPU = Debug|Any CPU
		Release|Any CPU = Release|Any CPU
	EndGlobalSection
	GlobalSection(ProjectConfigurationPlatforms) = postSolution
		{ACB93314-98FC-420B-AA57-04C80A9AA171}.Debug|Any CPU.ActiveCfg = Debug|Any CPU
		{ACB93314-98FC-420B-AA57-04C80A9AA171}.Debug|Any CPU.Build.0 = Debug|Any CPU
		{ACB93314-98FC-420B-AA57-04C80A9AA171}.Release|Any CPU.ActiveCfg = Release|Any CPU
		{ACB93314-98FC-420B-AA57-04C80A9AA171}.Release|Any CPU.Build.0 = Release|Any CPU
	EndGlobalSection
	GlobalSection(SolutionProperties) = preSolution
		HideSolutionNode = FALSE
	EndGlobalSection
	GlobalSection(ExtensibilityGlobals) = postSolution
		SolutionGuid = {1DD49EBB-0A4D-4CBF-B116-AF81C2C0F593}
	EndGlobalSection
EndGlobal
